// !$*UTF8*$!
{
	archiveVersion = 1;
	classes = {
	};
	objectVersion = 46;
	objects = {

/* Begin PBXBuildFile section */
		B37601351E3E499800E7A2F8 /* AppDelegate.swift in Sources */ = {isa = PBXBuildFile; fileRef = B37601341E3E499800E7A2F8 /* AppDelegate.swift */; };
		B37601371E3E499800E7A2F8 /* ViewController.swift in Sources */ = {isa = PBXBuildFile; fileRef = B37601361E3E499800E7A2F8 /* ViewController.swift */; };
		B376013A1E3E499800E7A2F8 /* Main.storyboard in Resources */ = {isa = PBXBuildFile; fileRef = B37601381E3E499800E7A2F8 /* Main.storyboard */; };
		B376013C1E3E499800E7A2F8 /* Assets.xcassets in Resources */ = {isa = PBXBuildFile; fileRef = B376013B1E3E499800E7A2F8 /* Assets.xcassets */; };
		B376013F1E3E499800E7A2F8 /* LaunchScreen.storyboard in Resources */ = {isa = PBXBuildFile; fileRef = B376013D1E3E499800E7A2F8 /* LaunchScreen.storyboard */; };
		B37601491E3F37E100E7A2F8 /* Book.swift in Sources */ = {isa = PBXBuildFile; fileRef = B37601481E3F37E100E7A2F8 /* Book.swift */; };
		B376014B1E3F55D300E7A2F8 /* Library.swift in Sources */ = {isa = PBXBuildFile; fileRef = B376014A1E3F55D300E7A2F8 /* Library.swift */; };
		B376014D1E40BEB500E7A2F8 /* JSONProcessing.swift in Sources */ = {isa = PBXBuildFile; fileRef = B376014C1E40BEB500E7A2F8 /* JSONProcessing.swift */; };
		B376014F1E4117A000E7A2F8 /* Errors.swift in Sources */ = {isa = PBXBuildFile; fileRef = B376014E1E4117A000E7A2F8 /* Errors.swift */; };
		B376017A1E43559100E7A2F8 /* MultiDictionary.swift in Sources */ = {isa = PBXBuildFile; fileRef = B37601791E43559100E7A2F8 /* MultiDictionary.swift */; };
		B376017C1E43625A00E7A2F8 /* Tags.swift in Sources */ = {isa = PBXBuildFile; fileRef = B376017B1E43625A00E7A2F8 /* Tags.swift */; };
		B376017E1E43924600E7A2F8 /* AsyncData.swift in Sources */ = {isa = PBXBuildFile; fileRef = B376017D1E43924600E7A2F8 /* AsyncData.swift */; };
		B37601811E43992800E7A2F8 /* emptyImage.png in Resources */ = {isa = PBXBuildFile; fileRef = B37601801E43992800E7A2F8 /* emptyImage.png */; };
		B37601831E439E5500E7A2F8 /* emptyPDF.pdf in Resources */ = {isa = PBXBuildFile; fileRef = B37601821E439E5500E7A2F8 /* emptyPDF.pdf */; };
/* End PBXBuildFile section */

/* Begin PBXFileReference section */
		B37601311E3E499800E7A2F8 /* HackerBooks.app */ = {isa = PBXFileReference; explicitFileType = wrapper.application; includeInIndex = 0; path = HackerBooks.app; sourceTree = BUILT_PRODUCTS_DIR; };
		B37601341E3E499800E7A2F8 /* AppDelegate.swift */ = {isa = PBXFileReference; lastKnownFileType = sourcecode.swift; path = AppDelegate.swift; sourceTree = "<group>"; };
		B37601361E3E499800E7A2F8 /* ViewController.swift */ = {isa = PBXFileReference; lastKnownFileType = sourcecode.swift; path = ViewController.swift; sourceTree = "<group>"; };
		B37601391E3E499800E7A2F8 /* Base */ = {isa = PBXFileReference; lastKnownFileType = file.storyboard; name = Base; path = Base.lproj/Main.storyboard; sourceTree = "<group>"; };
		B376013B1E3E499800E7A2F8 /* Assets.xcassets */ = {isa = PBXFileReference; lastKnownFileType = folder.assetcatalog; path = Assets.xcassets; sourceTree = "<group>"; };
		B376013E1E3E499800E7A2F8 /* Base */ = {isa = PBXFileReference; lastKnownFileType = file.storyboard; name = Base; path = Base.lproj/LaunchScreen.storyboard; sourceTree = "<group>"; };
		B37601401E3E499800E7A2F8 /* Info.plist */ = {isa = PBXFileReference; lastKnownFileType = text.plist.xml; path = Info.plist; sourceTree = "<group>"; };
		B37601481E3F37E100E7A2F8 /* Book.swift */ = {isa = PBXFileReference; fileEncoding = 4; lastKnownFileType = sourcecode.swift; path = Book.swift; sourceTree = "<group>"; };
		B376014A1E3F55D300E7A2F8 /* Library.swift */ = {isa = PBXFileReference; fileEncoding = 4; lastKnownFileType = sourcecode.swift; path = Library.swift; sourceTree = "<group>"; };
		B376014C1E40BEB500E7A2F8 /* JSONProcessing.swift */ = {isa = PBXFileReference; fileEncoding = 4; lastKnownFileType = sourcecode.swift; path = JSONProcessing.swift; sourceTree = "<group>"; };
		B376014E1E4117A000E7A2F8 /* Errors.swift */ = {isa = PBXFileReference; fileEncoding = 4; lastKnownFileType = sourcecode.swift; path = Errors.swift; sourceTree = "<group>"; };
		B37601791E43559100E7A2F8 /* MultiDictionary.swift */ = {isa = PBXFileReference; fileEncoding = 4; lastKnownFileType = sourcecode.swift; path = MultiDictionary.swift; sourceTree = "<group>"; };
		B376017B1E43625A00E7A2F8 /* Tags.swift */ = {isa = PBXFileReference; fileEncoding = 4; lastKnownFileType = sourcecode.swift; path = Tags.swift; sourceTree = "<group>"; };
		B376017D1E43924600E7A2F8 /* AsyncData.swift */ = {isa = PBXFileReference; fileEncoding = 4; lastKnownFileType = sourcecode.swift; path = AsyncData.swift; sourceTree = "<group>"; };
		B37601801E43992800E7A2F8 /* emptyImage.png */ = {isa = PBXFileReference; lastKnownFileType = image.png; path = emptyImage.png; sourceTree = "<group>"; };
		B37601821E439E5500E7A2F8 /* emptyPDF.pdf */ = {isa = PBXFileReference; lastKnownFileType = image.pdf; path = emptyPDF.pdf; sourceTree = "<group>"; };
/* End PBXFileReference section */

/* Begin PBXFrameworksBuildPhase section */
		B376012E1E3E499800E7A2F8 /* Frameworks */ = {
			isa = PBXFrameworksBuildPhase;
			buildActionMask = 2147483647;
			files = (
			);
			runOnlyForDeploymentPostprocessing = 0;
		};
/* End PBXFrameworksBuildPhase section */

/* Begin PBXGroup section */
		B37601281E3E499800E7A2F8 = {
			isa = PBXGroup;
			children = (
				B37601331E3E499800E7A2F8 /* HackerBooks */,
				B37601321E3E499800E7A2F8 /* Products */,
			);
			sourceTree = "<group>";
		};
		B37601321E3E499800E7A2F8 /* Products */ = {
			isa = PBXGroup;
			children = (
				B37601311E3E499800E7A2F8 /* HackerBooks.app */,
			);
			name = Products;
			sourceTree = "<group>";
		};
		B37601331E3E499800E7A2F8 /* HackerBooks */ = {
			isa = PBXGroup;
			children = (
				B376017F1E43991A00E7A2F8 /* Resources */,
				B37601701E4204C200E7A2F8 /* FrameWorks */,
				B37601341E3E499800E7A2F8 /* AppDelegate.swift */,
				B37601361E3E499800E7A2F8 /* ViewController.swift */,
				B37601471E3F379F00E7A2F8 /* Models */,
				B37601381E3E499800E7A2F8 /* Main.storyboard */,
				B376013B1E3E499800E7A2F8 /* Assets.xcassets */,
				B376013D1E3E499800E7A2F8 /* LaunchScreen.storyboard */,
				B37601401E3E499800E7A2F8 /* Info.plist */,
			);
			path = HackerBooks;
			sourceTree = "<group>";
		};
		B37601471E3F379F00E7A2F8 /* Models */ = {
			isa = PBXGroup;
			children = (
				B376017D1E43924600E7A2F8 /* AsyncData.swift */,
				B37601791E43559100E7A2F8 /* MultiDictionary.swift */,
				B37601481E3F37E100E7A2F8 /* Book.swift */,
				B376014C1E40BEB500E7A2F8 /* JSONProcessing.swift */,
				B376014A1E3F55D300E7A2F8 /* Library.swift */,
				B376014E1E4117A000E7A2F8 /* Errors.swift */,
				B376017B1E43625A00E7A2F8 /* Tags.swift */,
			);
			name = Models;
			sourceTree = "<group>";
		};
		B37601701E4204C200E7A2F8 /* FrameWorks */ = {
			isa = PBXGroup;
			children = (
			);
			name = FrameWorks;
			sourceTree = "<group>";
		};
		B376017F1E43991A00E7A2F8 /* Resources */ = {
			isa = PBXGroup;
			children = (
				B37601821E439E5500E7A2F8 /* emptyPDF.pdf */,
				B37601801E43992800E7A2F8 /* emptyImage.png */,
			);
			name = Resources;
			sourceTree = "<group>";
		};
/* End PBXGroup section */

/* Begin PBXNativeTarget section */
		B37601301E3E499800E7A2F8 /* HackerBooks */ = {
			isa = PBXNativeTarget;
			buildConfigurationList = B37601431E3E499800E7A2F8 /* Build configuration list for PBXNativeTarget "HackerBooks" */;
			buildPhases = (
				B376012D1E3E499800E7A2F8 /* Sources */,
				B376012E1E3E499800E7A2F8 /* Frameworks */,
				B376012F1E3E499800E7A2F8 /* Resources */,
			);
			buildRules = (
			);
			dependencies = (
			);
			name = HackerBooks;
			productName = HackerBooks;
			productReference = B37601311E3E499800E7A2F8 /* HackerBooks.app */;
			productType = "com.apple.product-type.application";
		};
/* End PBXNativeTarget section */

/* Begin PBXProject section */
		B37601291E3E499800E7A2F8 /* Project object */ = {
			isa = PBXProject;
			attributes = {
				LastSwiftUpdateCheck = 0820;
				LastUpgradeCheck = 0820;
				ORGANIZATIONNAME = "Pedro Herranz Roldán";
				TargetAttributes = {
					B37601301E3E499800E7A2F8 = {
						CreatedOnToolsVersion = 8.2.1;
						DevelopmentTeam = 4446EXDTXW;
						ProvisioningStyle = Automatic;
					};
				};
			};
			buildConfigurationList = B376012C1E3E499800E7A2F8 /* Build configuration list for PBXProject "HackerBooks" */;
			compatibilityVersion = "Xcode 3.2";
			developmentRegion = English;
			hasScannedForEncodings = 0;
			knownRegions = (
				en,
				Base,
			);
			mainGroup = B37601281E3E499800E7A2F8;
			productRefGroup = B37601321E3E499800E7A2F8 /* Products */;
			projectDirPath = "";
			projectRoot = "";
			targets = (
				B37601301E3E499800E7A2F8 /* HackerBooks */,
			);
		};
/* End PBXProject section */

/* Begin PBXResourcesBuildPhase section */
		B376012F1E3E499800E7A2F8 /* Resources */ = {
			isa = PBXResourcesBuildPhase;
			buildActionMask = 2147483647;
			files = (
				B376013F1E3E499800E7A2F8 /* LaunchScreen.storyboard in Resources */,
				B37601831E439E5500E7A2F8 /* emptyPDF.pdf in Resources */,
				B376013C1E3E499800E7A2F8 /* Assets.xcassets in Resources */,
				B376013A1E3E499800E7A2F8 /* Main.storyboard in Resources */,
				B37601811E43992800E7A2F8 /* emptyImage.png in Resources */,
			);
			runOnlyForDeploymentPostprocessing = 0;
		};
/* End PBXResourcesBuildPhase section */

/* Begin PBXSourcesBuildPhase section */
		B376012D1E3E499800E7A2F8 /* Sources */ = {
			isa = PBXSourcesBuildPhase;
			buildActionMask = 2147483647;
			files = (
				B37601371E3E499800E7A2F8 /* ViewController.swift in Sources */,
				B376017A1E43559100E7A2F8 /* MultiDictionary.swift in Sources */,
				B376014B1E3F55D300E7A2F8 /* Library.swift in Sources */,
				B376017E1E43924600E7A2F8 /* AsyncData.swift in Sources */,
				B37601351E3E499800E7A2F8 /* AppDelegate.swift in Sources */,
				B37601491E3F37E100E7A2F8 /* Book.swift in Sources */,
				B376017C1E43625A00E7A2F8 /* Tags.swift in Sources */,
				B376014F1E4117A000E7A2F8 /* Errors.swift in Sources */,
				B376014D1E40BEB500E7A2F8 /* JSONProcessing.swift in Sources */,
			);
			runOnlyForDeploymentPostprocessing = 0;
		};
/* End PBXSourcesBuildPhase section */

/* Begin PBXVariantGroup section */
		B37601381E3E499800E7A2F8 /* Main.storyboard */ = {
			isa = PBXVariantGroup;
			children = (
				B37601391E3E499800E7A2F8 /* Base */,
			);
			name = Main.storyboard;
			sourceTree = "<group>";
		};
		B376013D1E3E499800E7A2F8 /* LaunchScreen.storyboard */ = {
			isa = PBXVariantGroup;
			children = (
				B376013E1E3E499800E7A2F8 /* Base */,
			);
			name = LaunchScreen.storyboard;
			sourceTree = "<group>";
		};
/* End PBXVariantGroup section */

/* Begin XCBuildConfiguration section */
		B37601411E3E499800E7A2F8 /* Debug */ = {
			isa = XCBuildConfiguration;
			buildSettings = {
				ALWAYS_SEARCH_USER_PATHS = NO;
				CLANG_ANALYZER_NONNULL = YES;
				CLANG_CXX_LANGUAGE_STANDARD = "gnu++0x";
				CLANG_CXX_LIBRARY = "libc++";
				CLANG_ENABLE_MODULES = YES;
				CLANG_ENABLE_OBJC_ARC = YES;
				CLANG_WARN_BOOL_CONVERSION = YES;
				CLANG_WARN_CONSTANT_CONVERSION = YES;
				CLANG_WARN_DIRECT_OBJC_ISA_USAGE = YES_ERROR;
				CLANG_WARN_DOCUMENTATION_COMMENTS = YES;
				CLANG_WARN_EMPTY_BODY = YES;
				CLANG_WARN_ENUM_CONVERSION = YES;
				CLANG_WARN_INFINITE_RECURSION = YES;
				CLANG_WARN_INT_CONVERSION = YES;
				CLANG_WARN_OBJC_ROOT_CLASS = YES_ERROR;
				CLANG_WARN_SUSPICIOUS_MOVE = YES;
				CLANG_WARN_UNREACHABLE_CODE = YES;
				CLANG_WARN__DUPLICATE_METHOD_MATCH = YES;
				"CODE_SIGN_IDENTITY[sdk=iphoneos*]" = "iPhone Developer";
				COPY_PHASE_STRIP = NO;
				DEBUG_INFORMATION_FORMAT = dwarf;
				ENABLE_STRICT_OBJC_MSGSEND = YES;
				ENABLE_TESTABILITY = YES;
				GCC_C_LANGUAGE_STANDARD = gnu99;
				GCC_DYNAMIC_NO_PIC = NO;
				GCC_NO_COMMON_BLOCKS = YES;
				GCC_OPTIMIZATION_LEVEL = 0;
				GCC_PREPROCESSOR_DEFINITIONS = (
					"DEBUG=1",
					"$(inherited)",
				);
				GCC_WARN_64_TO_32_BIT_CONVERSION = YES;
				GCC_WARN_ABOUT_RETURN_TYPE = YES_ERROR;
				GCC_WARN_UNDECLARED_SELECTOR = YES;
				GCC_WARN_UNINITIALIZED_AUTOS = YES_AGGRESSIVE;
				GCC_WARN_UNUSED_FUNCTION = YES;
				GCC_WARN_UNUSED_VARIABLE = YES;
				IPHONEOS_DEPLOYMENT_TARGET = 10.2;
				MTL_ENABLE_DEBUG_INFO = YES;
				ONLY_ACTIVE_ARCH = YES;
				SDKROOT = iphoneos;
				SWIFT_ACTIVE_COMPILATION_CONDITIONS = DEBUG;
				SWIFT_OPTIMIZATION_LEVEL = "-Onone";
			};
			name = Debug;
		};
		B37601421E3E499800E7A2F8 /* Release */ = {
			isa = XCBuildConfiguration;
			buildSettings = {
				ALWAYS_SEARCH_USER_PATHS = NO;
				CLANG_ANALYZER_NONNULL = YES;
				CLANG_CXX_LANGUAGE_STANDARD = "gnu++0x";
				CLANG_CXX_LIBRARY = "libc++";
				CLANG_ENABLE_MODULES = YES;
				CLANG_ENABLE_OBJC_ARC = YES;
				CLANG_WARN_BOOL_CONVERSION = YES;
				CLANG_WARN_CONSTANT_CONVERSION = YES;
				CLANG_WARN_DIRECT_OBJC_ISA_USAGE = YES_ERROR;
				CLANG_WARN_DOCUMENTATION_COMMENTS = YES;
				CLANG_WARN_EMPTY_BODY = YES;
				CLANG_WARN_ENUM_CONVERSION = YES;
				CLANG_WARN_INFINITE_RECURSION = YES;
				CLANG_WARN_INT_CONVERSION = YES;
				CLANG_WARN_OBJC_ROOT_CLASS = YES_ERROR;
				CLANG_WARN_SUSPICIOUS_MOVE = YES;
				CLANG_WARN_UNREACHABLE_CODE = YES;
				CLANG_WARN__DUPLICATE_METHOD_MATCH = YES;
				"CODE_SIGN_IDENTITY[sdk=iphoneos*]" = "iPhone Developer";
				COPY_PHASE_STRIP = NO;
				DEBUG_INFORMATION_FORMAT = "dwarf-with-dsym";
				ENABLE_NS_ASSERTIONS = NO;
				ENABLE_STRICT_OBJC_MSGSEND = YES;
				GCC_C_LANGUAGE_STANDARD = gnu99;
				GCC_NO_COMMON_BLOCKS = YES;
				GCC_WARN_64_TO_32_BIT_CONVERSION = YES;
				GCC_WARN_ABOUT_RETURN_TYPE = YES_ERROR;
				GCC_WARN_UNDECLARED_SELECTOR = YES;
				GCC_WARN_UNINITIALIZED_AUTOS = YES_AGGRESSIVE;
				GCC_WARN_UNUSED_FUNCTION = YES;
				GCC_WARN_UNUSED_VARIABLE = YES;
				IPHONEOS_DEPLOYMENT_TARGET = 10.2;
				MTL_ENABLE_DEBUG_INFO = NO;
				SDKROOT = iphoneos;
				SWIFT_OPTIMIZATION_LEVEL = "-Owholemodule";
				VALIDATE_PRODUCT = YES;
			};
			name = Release;
		};
		B37601441E3E499800E7A2F8 /* Debug */ = {
			isa = XCBuildConfiguration;
			buildSettings = {
				ASSETCATALOG_COMPILER_APPICON_NAME = AppIcon;
				DEVELOPMENT_TEAM = 4446EXDTXW;
				INFOPLIST_FILE = HackerBooks/Info.plist;
				LD_RUNPATH_SEARCH_PATHS = "$(inherited) @executable_path/Frameworks";
				PRODUCT_BUNDLE_IDENTIFIER = com.peter.HackerBooks;
				PRODUCT_NAME = "$(TARGET_NAME)";
				SWIFT_VERSION = 3.0;
				TARGETED_DEVICE_FAMILY = "1,2";
			};
			name = Debug;
		};
		B37601451E3E499800E7A2F8 /* Release */ = {
			isa = XCBuildConfiguration;
			buildSettings = {
				ASSETCATALOG_COMPILER_APPICON_NAME = AppIcon;
				DEVELOPMENT_TEAM = 4446EXDTXW;
				INFOPLIST_FILE = HackerBooks/Info.plist;
				LD_RUNPATH_SEARCH_PATHS = "$(inherited) @executable_path/Frameworks";
				PRODUCT_BUNDLE_IDENTIFIER = com.peter.HackerBooks;
				PRODUCT_NAME = "$(TARGET_NAME)";
				SWIFT_VERSION = 3.0;
				TARGETED_DEVICE_FAMILY = "1,2";
			};
			name = Release;
		};
/* End XCBuildConfiguration section */

/* Begin XCConfigurationList section */
		B376012C1E3E499800E7A2F8 /* Build configuration list for PBXProject "HackerBooks" */ = {
			isa = XCConfigurationList;
			buildConfigurations = (
				B37601411E3E499800E7A2F8 /* Debug */,
				B37601421E3E499800E7A2F8 /* Release */,
			);
			defaultConfigurationIsVisible = 0;
			defaultConfigurationName = Release;
		};
		B37601431E3E499800E7A2F8 /* Build configuration list for PBXNativeTarget "HackerBooks" */ = {
			isa = XCConfigurationList;
			buildConfigurations = (
				B37601441E3E499800E7A2F8 /* Debug */,
				B37601451E3E499800E7A2F8 /* Release */,
			);
			defaultConfigurationIsVisible = 0;
			defaultConfigurationName = Release;
		};
/* End XCConfigurationList section */
	};
	rootObject = B37601291E3E499800E7A2F8 /* Project object */;
}
